
Microsoft Visual Studio Solution File, Format Version 12.00
# Visual Studio Version 16
VisualStudioVersion = 16.0.30907.101
MinimumVisualStudioVersion = 10.0.40219.1
Project("{FAE04EC0-301F-11D3-BF4B-00C04F79EFBC}") = "Inlamningsuppgift1", "Inlamningsuppgift1\Inlamningsuppgift1.csproj", "{40F7149F-08DD-4077-A668-D5D178E23955}"
EndProject
Global
	GlobalSection(SolutionConfigurationPlatforms) = preSolution
		Debug|Any CPU = Debug|Any CPU
		Release|Any CPU = Release|Any CPU
	EndGlobalSection
	GlobalSection(ProjectConfigurationPlatforms) = postSolution
		{40F7149F-08DD-4077-A668-D5D178E23955}.Debug|Any CPU.ActiveCfg = Debug|Any CPU
		{40F7149F-08DD-4077-A668-D5D178E23955}.Debug|Any CPU.Build.0 = Debug|Any CPU
		{40F7149F-08DD-4077-A668-D5D178E23955}.Release|Any CPU.ActiveCfg = Release|Any CPU
		{40F7149F-08DD-4077-A668-D5D178E23955}.Release|Any CPU.Build.0 = Release|Any CPU
	EndGlobalSection
	GlobalSection(SolutionProperties) = preSolution
		HideSolutionNode = FALSE
	EndGlobalSection
	GlobalSection(ExtensibilityGlobals) = postSolution
		SolutionGuid = {CD5BBE61-CE86-4530-870B-9ED3B6F6EEC4}
	EndGlobalSection
EndGlobal
